FORGE
  remote: http://forge.puppetlabs.com
  specs:
    puppetlabs/apache (0.6.0)
      puppetlabs/firewall (>= 0.0.4)
      puppetlabs/stdlib (>= 2.2.1)

FORGE
  remote: http://forge.puppetlabs.com/
  specs:
    pdxcat/collectd (0.0.3)
      puppetlabs/stdlib (>= 2.0.0)
    puppetlabs/apt (1.1.0)
      puppetlabs/stdlib (>= 2.2.1)
    puppetlabs/firewall (0.3.1)
    puppetlabs/stdlib (3.2.0)

GIT
  remote: git://github.com/alphagov/puppet-curl.git
  ref: master
  sha: f4c6d175bdc6cbd71f71fbaa2544ef8f70c4ce48
  specs:
    curl (0.0.1)

GIT
  remote: git://github.com/electrical/puppet-logstash.git
  ref: master
  sha: 33293dbaa80de277df0c3b01d6d5c07dbdd0a4df
  specs:
    logstash (0.3.3)
      puppetlabs/stdlib (>= 3.0.0)

GIT
  remote: git://github.com/gds-operations/puppet-graphite.git
  ref: master
  sha: 997d9c7fa36bedb5b16e543d758212a96a8adf3e
  specs:
    gds/graphite (0.1.0)
      puppetlabs/apache (>= 0)

GIT
  remote: git@github.com:alphagov/puppet-gstatsd.git
  ref: master
  sha: 0a59e6841110e8fb841acfe5c87dfcffea46b286
  specs:
    gds/gstatsd (0.1.0)

GIT
  remote: git@github.com:philandstuff/puppet-rsyslog.git
  ref: master
  sha: a8a6fb40ba43bb39fb6c724bc23bb4b3aa2527ae
  specs:
    rsyslog (2.0.0)

DEPENDENCIES
  curl (>= 0)
  gds/graphite (>= 0)
  gds/gstatsd (>= 0)
  logstash (>= 0)
  pdxcat/collectd (~> 0.0)
  puppetlabs/apt (~> 1.1)
  puppetlabs/stdlib (~> 3.0)
  rsyslog (>= 0)

