FORGE
  remote: http://forge.puppetlabs.com
  specs:
    puppetlabs/apache (0.6.0)
      puppetlabs/firewall (>= 0.0.4)
      puppetlabs/stdlib (>= 2.2.1)

FORGE
  remote: http://forge.puppetlabs.com/
  specs:
    pdxcat/collectd (0.0.3)
      puppetlabs/stdlib (>= 2.0.0)
    puppetlabs/apt (1.1.0)
      puppetlabs/stdlib (>= 2.2.1)
    puppetlabs/firewall (0.3.1)
    puppetlabs/stdlib (3.2.0)

GIT
  remote: git://github.com/alphagov/puppet-rsyslog.git
  ref: d897c50
  sha: d897c506dd9454ffdc37d9583025efe1b4cc3a52
  specs:
    rsyslog (1.1.4)

GIT
  remote: git://github.com/gds-operations/puppet-graphite.git
  ref: master
  sha: 997d9c7fa36bedb5b16e543d758212a96a8adf3e
  specs:
    gds/graphite (0.1.0)
      puppetlabs/apache (>= 0)

GIT
  remote: git@github.com:alphagov/puppet-gstatsd.git
  ref: master
  sha: 0a59e6841110e8fb841acfe5c87dfcffea46b286
  specs:
    gds/gstatsd (0.1.0)

DEPENDENCIES
  gds/graphite (>= 0)
  gds/gstatsd (>= 0)
  pdxcat/collectd (~> 0.0)
  puppetlabs/apt (~> 1.1)
  puppetlabs/stdlib (~> 3.0)
  rsyslog (>= 0)

